
Microsoft Visual Studio Solution File, Format Version 12.00
# Visual Studio Version 18
VisualStudioVersion = 18.0.11205.157 d18.0
MinimumVisualStudioVersion = 10.0.40219.1
Project("{2150E333-8FDC-42A3-9474-1A3956D46DE8}") = "src", "src", "{5E51420D-CFB6-4141-849A-B191C405DEF2}"
EndProject
Project("{FAE04EC0-301F-11D3-BF4B-00C04F79EFBC}") = "NorthStarET.NextGen.Lms.Domain", "src\NorthStarET.NextGen.Lms.Domain\NorthStarET.NextGen.Lms.Domain.csproj", "{EC19EA61-EB34-4D3E-9F86-9721FE4E18D4}"
EndProject
Project("{FAE04EC0-301F-11D3-BF4B-00C04F79EFBC}") = "NorthStarET.NextGen.Lms.Application", "src\NorthStarET.NextGen.Lms.Application\NorthStarET.NextGen.Lms.Application.csproj", "{683DDDE0-B49C-4391-A398-E0B88094D0A0}"
EndProject
Project("{FAE04EC0-301F-11D3-BF4B-00C04F79EFBC}") = "NorthStarET.NextGen.Lms.Web", "src\NorthStarET.NextGen.Lms.Web\NorthStarET.NextGen.Lms.Web.csproj", "{EE8F9708-ED7D-479B-8E00-DA56AD473B96}"
EndProject
Project("{FAE04EC0-301F-11D3-BF4B-00C04F79EFBC}") = "NorthStarET.NextGen.Lms.Api", "src\NorthStarET.NextGen.Lms.Api\NorthStarET.NextGen.Lms.Api.csproj", "{FEB8F85B-D67E-4E23-BC07-CE88B3D365E1}"
EndProject
Project("{FAE04EC0-301F-11D3-BF4B-00C04F79EFBC}") = "NorthStarET.NextGen.Lms.ServiceDefaults", "src\NorthStarET.NextGen.Lms.ServiceDefaults\NorthStarET.NextGen.Lms.ServiceDefaults.csproj", "{AE33B698-861A-445B-9BD4-86066269AB04}"
EndProject
Project("{FAE04EC0-301F-11D3-BF4B-00C04F79EFBC}") = "NorthStarET.NextGen.Lms.Contracts", "src\NorthStarET.NextGen.Lms.Contracts\NorthStarET.NextGen.Lms.Contracts.csproj", "{A21EDE5B-1A7F-46B0-B2DB-C5A4A7EC2209}"
EndProject
Project("{FAE04EC0-301F-11D3-BF4B-00C04F79EFBC}") = "NorthStarET.NextGen.Lms.AppHost", "src\NorthStarET.NextGen.Lms.AppHost\NorthStarET.NextGen.Lms.AppHost.csproj", "{5680F755-37A3-44D7-8285-993F3F468D09}"
EndProject
Project("{FAE04EC0-301F-11D3-BF4B-00C04F79EFBC}") = "NorthStarET.NextGen.Lms.Infrastructure", "src\NorthStarET.NextGen.Lms.Infrastructure\NorthStarET.NextGen.Lms.Infrastructure.csproj", "{372E9D44-25C9-4054-AA33-E37D18191A6B}"
EndProject
Project("{2150E333-8FDC-42A3-9474-1A3956D46DE8}") = "tests", "tests", "{54EB25F1-7D39-4C71-8947-8B32AD099E38}"
EndProject
Project("{2150E333-8FDC-42A3-9474-1A3956D46DE8}") = "unit", "unit", "{76B39356-61C0-4B83-BF26-20BABD957E50}"
EndProject
Project("{FAE04EC0-301F-11D3-BF4B-00C04F79EFBC}") = "NorthStarET.NextGen.Lms.Application.Tests", "tests\unit\NorthStarET.NextGen.Lms.Application.Tests\NorthStarET.NextGen.Lms.Application.Tests.csproj", "{5D786C25-8195-4CC1-AD98-729F678CF9C8}"
EndProject
Project("{FAE04EC0-301F-11D3-BF4B-00C04F79EFBC}") = "NorthStarET.NextGen.Lms.Api.Tests", "tests\unit\NorthStarET.NextGen.Lms.Api.Tests\NorthStarET.NextGen.Lms.Api.Tests.csproj", "{E113EF5D-6C1D-4E9F-9ED6-21B899F50FB5}"
EndProject
Project("{FAE04EC0-301F-11D3-BF4B-00C04F79EFBC}") = "NorthStarET.NextGen.Lms.Domain.Tests", "tests\unit\NorthStarET.NextGen.Lms.Domain.Tests\NorthStarET.NextGen.Lms.Domain.Tests.csproj", "{557C68E4-FE05-4F5C-BE4B-CD5D15E8C4C6}"
EndProject
Project("{2150E333-8FDC-42A3-9474-1A3956D46DE8}") = "aspire", "aspire", "{63534BA3-0E4D-4BEA-BE15-AC6971889A97}"
EndProject
Project("{FAE04EC0-301F-11D3-BF4B-00C04F79EFBC}") = "NorthStarET.NextGen.Lms.AspireTests", "tests\aspire\NorthStarET.NextGen.Lms.AspireTests\NorthStarET.NextGen.Lms.AspireTests.csproj", "{F6AB7528-B660-4DC4-902A-C12021CFDD60}"
EndProject
Project("{2150E333-8FDC-42A3-9474-1A3956D46DE8}") = "bdd", "bdd", "{2A4657BA-CCFC-4974-87A4-2D16616B6651}"
EndProject
Project("{FAE04EC0-301F-11D3-BF4B-00C04F79EFBC}") = "NorthStarET.NextGen.Lms.Bdd", "tests\bdd\NorthStarET.NextGen.Lms.Bdd\NorthStarET.NextGen.Lms.Bdd.csproj", "{06AD783D-2801-43A0-8E26-A7E9455C4872}"
EndProject
Project("{2150E333-8FDC-42A3-9474-1A3956D46DE8}") = "ui", "ui", "{A2916414-E2BC-4E1F-AF23-D1557B9EB897}"
EndProject
Project("{FAE04EC0-301F-11D3-BF4B-00C04F79EFBC}") = "NorthStarET.NextGen.Lms.Playwright", "tests\ui\NorthStarET.NextGen.Lms.Playwright\NorthStarET.NextGen.Lms.Playwright.csproj", "{F14B64CD-067C-45A2-BF79-5C2B352D2953}"
EndProject
Project("{FAE04EC0-301F-11D3-BF4B-00C04F79EFBC}") = "NorthStarET.NextGen.Lms.Infrastructure.Tests", "tests\unit\NorthStarET.NextGen.Lms.Infrastructure.Tests\NorthStarET.NextGen.Lms.Infrastructure.Tests.csproj", "{9D786A37-A84B-461E-BA17-9A59E5E90007}"
EndProject
Project("{FAE04EC0-301F-11D3-BF4B-00C04F79EFBC}") = "NorthStarET.NextGen.Lms.Web.Tests", "tests\unit\NorthStarET.NextGen.Lms.Web.Tests\NorthStarET.NextGen.Lms.Web.Tests.csproj", "{6B5A6403-21D4-4C1F-8B12-DCA624DB6715}"
EndProject
Project("{2150E333-8FDC-42A3-9474-1A3956D46DE8}") = "Solution Items", "Solution Items", "{A3F2EDFF-A783-4368-A8B7-B96B992BB3B8}"
	ProjectSection(SolutionItems) = preProject
		Directory.Packages.props = Directory.Packages.props
	EndProjectSection
EndProject
Global
	GlobalSection(SolutionConfigurationPlatforms) = preSolution
		Debug|Any CPU = Debug|Any CPU
		Debug|x64 = Debug|x64
		Debug|x86 = Debug|x86
		Release|Any CPU = Release|Any CPU
		Release|x64 = Release|x64
		Release|x86 = Release|x86
	EndGlobalSection
	GlobalSection(ProjectConfigurationPlatforms) = postSolution
		{EC19EA61-EB34-4D3E-9F86-9721FE4E18D4}.Debug|Any CPU.ActiveCfg = Debug|Any CPU
		{EC19EA61-EB34-4D3E-9F86-9721FE4E18D4}.Debug|Any CPU.Build.0 = Debug|Any CPU
		{EC19EA61-EB34-4D3E-9F86-9721FE4E18D4}.Debug|x64.ActiveCfg = Debug|Any CPU
		{EC19EA61-EB34-4D3E-9F86-9721FE4E18D4}.Debug|x64.Build.0 = Debug|Any CPU
		{EC19EA61-EB34-4D3E-9F86-9721FE4E18D4}.Debug|x86.ActiveCfg = Debug|Any CPU
		{EC19EA61-EB34-4D3E-9F86-9721FE4E18D4}.Debug|x86.Build.0 = Debug|Any CPU
		{EC19EA61-EB34-4D3E-9F86-9721FE4E18D4}.Release|Any CPU.ActiveCfg = Release|Any CPU
		{EC19EA61-EB34-4D3E-9F86-9721FE4E18D4}.Release|Any CPU.Build.0 = Release|Any CPU
		{EC19EA61-EB34-4D3E-9F86-9721FE4E18D4}.Release|x64.ActiveCfg = Release|Any CPU
		{EC19EA61-EB34-4D3E-9F86-9721FE4E18D4}.Release|x64.Build.0 = Release|Any CPU
		{EC19EA61-EB34-4D3E-9F86-9721FE4E18D4}.Release|x86.ActiveCfg = Release|Any CPU
		{EC19EA61-EB34-4D3E-9F86-9721FE4E18D4}.Release|x86.Build.0 = Release|Any CPU
		{683DDDE0-B49C-4391-A398-E0B88094D0A0}.Debug|Any CPU.ActiveCfg = Debug|Any CPU
		{683DDDE0-B49C-4391-A398-E0B88094D0A0}.Debug|Any CPU.Build.0 = Debug|Any CPU
		{683DDDE0-B49C-4391-A398-E0B88094D0A0}.Debug|x64.ActiveCfg = Debug|Any CPU
		{683DDDE0-B49C-4391-A398-E0B88094D0A0}.Debug|x64.Build.0 = Debug|Any CPU
		{683DDDE0-B49C-4391-A398-E0B88094D0A0}.Debug|x86.ActiveCfg = Debug|Any CPU
		{683DDDE0-B49C-4391-A398-E0B88094D0A0}.Debug|x86.Build.0 = Debug|Any CPU
		{683DDDE0-B49C-4391-A398-E0B88094D0A0}.Release|Any CPU.ActiveCfg = Release|Any CPU
		{683DDDE0-B49C-4391-A398-E0B88094D0A0}.Release|Any CPU.Build.0 = Release|Any CPU
		{683DDDE0-B49C-4391-A398-E0B88094D0A0}.Release|x64.ActiveCfg = Release|Any CPU
		{683DDDE0-B49C-4391-A398-E0B88094D0A0}.Release|x64.Build.0 = Release|Any CPU
		{683DDDE0-B49C-4391-A398-E0B88094D0A0}.Release|x86.ActiveCfg = Release|Any CPU
		{683DDDE0-B49C-4391-A398-E0B88094D0A0}.Release|x86.Build.0 = Release|Any CPU
		{EE8F9708-ED7D-479B-8E00-DA56AD473B96}.Debug|Any CPU.ActiveCfg = Debug|Any CPU
		{EE8F9708-ED7D-479B-8E00-DA56AD473B96}.Debug|Any CPU.Build.0 = Debug|Any CPU
		{EE8F9708-ED7D-479B-8E00-DA56AD473B96}.Debug|x64.ActiveCfg = Debug|Any CPU
		{EE8F9708-ED7D-479B-8E00-DA56AD473B96}.Debug|x64.Build.0 = Debug|Any CPU
		{EE8F9708-ED7D-479B-8E00-DA56AD473B96}.Debug|x86.ActiveCfg = Debug|Any CPU
		{EE8F9708-ED7D-479B-8E00-DA56AD473B96}.Debug|x86.Build.0 = Debug|Any CPU
		{EE8F9708-ED7D-479B-8E00-DA56AD473B96}.Release|Any CPU.ActiveCfg = Release|Any CPU
		{EE8F9708-ED7D-479B-8E00-DA56AD473B96}.Release|Any CPU.Build.0 = Release|Any CPU
		{EE8F9708-ED7D-479B-8E00-DA56AD473B96}.Release|x64.ActiveCfg = Release|Any CPU
		{EE8F9708-ED7D-479B-8E00-DA56AD473B96}.Release|x64.Build.0 = Release|Any CPU
		{EE8F9708-ED7D-479B-8E00-DA56AD473B96}.Release|x86.ActiveCfg = Release|Any CPU
		{EE8F9708-ED7D-479B-8E00-DA56AD473B96}.Release|x86.Build.0 = Release|Any CPU
		{FEB8F85B-D67E-4E23-BC07-CE88B3D365E1}.Debug|Any CPU.ActiveCfg = Debug|Any CPU
		{FEB8F85B-D67E-4E23-BC07-CE88B3D365E1}.Debug|Any CPU.Build.0 = Debug|Any CPU
		{FEB8F85B-D67E-4E23-BC07-CE88B3D365E1}.Debug|x64.ActiveCfg = Debug|Any CPU
		{FEB8F85B-D67E-4E23-BC07-CE88B3D365E1}.Debug|x64.Build.0 = Debug|Any CPU
		{FEB8F85B-D67E-4E23-BC07-CE88B3D365E1}.Debug|x86.ActiveCfg = Debug|Any CPU
		{FEB8F85B-D67E-4E23-BC07-CE88B3D365E1}.Debug|x86.Build.0 = Debug|Any CPU
		{FEB8F85B-D67E-4E23-BC07-CE88B3D365E1}.Release|Any CPU.ActiveCfg = Release|Any CPU
		{FEB8F85B-D67E-4E23-BC07-CE88B3D365E1}.Release|Any CPU.Build.0 = Release|Any CPU
		{FEB8F85B-D67E-4E23-BC07-CE88B3D365E1}.Release|x64.ActiveCfg = Release|Any CPU
		{FEB8F85B-D67E-4E23-BC07-CE88B3D365E1}.Release|x64.Build.0 = Release|Any CPU
		{FEB8F85B-D67E-4E23-BC07-CE88B3D365E1}.Release|x86.ActiveCfg = Release|Any CPU
		{FEB8F85B-D67E-4E23-BC07-CE88B3D365E1}.Release|x86.Build.0 = Release|Any CPU
		{AE33B698-861A-445B-9BD4-86066269AB04}.Debug|Any CPU.ActiveCfg = Debug|Any CPU
		{AE33B698-861A-445B-9BD4-86066269AB04}.Debug|Any CPU.Build.0 = Debug|Any CPU
		{AE33B698-861A-445B-9BD4-86066269AB04}.Debug|x64.ActiveCfg = Debug|Any CPU
		{AE33B698-861A-445B-9BD4-86066269AB04}.Debug|x64.Build.0 = Debug|Any CPU
		{AE33B698-861A-445B-9BD4-86066269AB04}.Debug|x86.ActiveCfg = Debug|Any CPU
		{AE33B698-861A-445B-9BD4-86066269AB04}.Debug|x86.Build.0 = Debug|Any CPU
		{AE33B698-861A-445B-9BD4-86066269AB04}.Release|Any CPU.ActiveCfg = Release|Any CPU
		{AE33B698-861A-445B-9BD4-86066269AB04}.Release|Any CPU.Build.0 = Release|Any CPU
		{AE33B698-861A-445B-9BD4-86066269AB04}.Release|x64.ActiveCfg = Release|Any CPU
		{AE33B698-861A-445B-9BD4-86066269AB04}.Release|x64.Build.0 = Release|Any CPU
		{AE33B698-861A-445B-9BD4-86066269AB04}.Release|x86.ActiveCfg = Release|Any CPU
		{AE33B698-861A-445B-9BD4-86066269AB04}.Release|x86.Build.0 = Release|Any CPU
		{A21EDE5B-1A7F-46B0-B2DB-C5A4A7EC2209}.Debug|Any CPU.ActiveCfg = Debug|Any CPU
		{A21EDE5B-1A7F-46B0-B2DB-C5A4A7EC2209}.Debug|Any CPU.Build.0 = Debug|Any CPU
		{A21EDE5B-1A7F-46B0-B2DB-C5A4A7EC2209}.Debug|x64.ActiveCfg = Debug|Any CPU
		{A21EDE5B-1A7F-46B0-B2DB-C5A4A7EC2209}.Debug|x64.Build.0 = Debug|Any CPU
		{A21EDE5B-1A7F-46B0-B2DB-C5A4A7EC2209}.Debug|x86.ActiveCfg = Debug|Any CPU
		{A21EDE5B-1A7F-46B0-B2DB-C5A4A7EC2209}.Debug|x86.Build.0 = Debug|Any CPU
		{A21EDE5B-1A7F-46B0-B2DB-C5A4A7EC2209}.Release|Any CPU.ActiveCfg = Release|Any CPU
		{A21EDE5B-1A7F-46B0-B2DB-C5A4A7EC2209}.Release|Any CPU.Build.0 = Release|Any CPU
		{A21EDE5B-1A7F-46B0-B2DB-C5A4A7EC2209}.Release|x64.ActiveCfg = Release|Any CPU
		{A21EDE5B-1A7F-46B0-B2DB-C5A4A7EC2209}.Release|x64.Build.0 = Release|Any CPU
		{A21EDE5B-1A7F-46B0-B2DB-C5A4A7EC2209}.Release|x86.ActiveCfg = Release|Any CPU
		{A21EDE5B-1A7F-46B0-B2DB-C5A4A7EC2209}.Release|x86.Build.0 = Release|Any CPU
		{5680F755-37A3-44D7-8285-993F3F468D09}.Debug|Any CPU.ActiveCfg = Debug|Any CPU
		{5680F755-37A3-44D7-8285-993F3F468D09}.Debug|Any CPU.Build.0 = Debug|Any CPU
		{5680F755-37A3-44D7-8285-993F3F468D09}.Debug|x64.ActiveCfg = Debug|Any CPU
		{5680F755-37A3-44D7-8285-993F3F468D09}.Debug|x64.Build.0 = Debug|Any CPU
		{5680F755-37A3-44D7-8285-993F3F468D09}.Debug|x86.ActiveCfg = Debug|Any CPU
		{5680F755-37A3-44D7-8285-993F3F468D09}.Debug|x86.Build.0 = Debug|Any CPU
		{5680F755-37A3-44D7-8285-993F3F468D09}.Release|Any CPU.ActiveCfg = Release|Any CPU
		{5680F755-37A3-44D7-8285-993F3F468D09}.Release|Any CPU.Build.0 = Release|Any CPU
		{5680F755-37A3-44D7-8285-993F3F468D09}.Release|x64.ActiveCfg = Release|Any CPU
		{5680F755-37A3-44D7-8285-993F3F468D09}.Release|x64.Build.0 = Release|Any CPU
		{5680F755-37A3-44D7-8285-993F3F468D09}.Release|x86.ActiveCfg = Release|Any CPU
		{5680F755-37A3-44D7-8285-993F3F468D09}.Release|x86.Build.0 = Release|Any CPU
		{372E9D44-25C9-4054-AA33-E37D18191A6B}.Debug|Any CPU.ActiveCfg = Debug|Any CPU
		{372E9D44-25C9-4054-AA33-E37D18191A6B}.Debug|Any CPU.Build.0 = Debug|Any CPU
		{372E9D44-25C9-4054-AA33-E37D18191A6B}.Debug|x64.ActiveCfg = Debug|Any CPU
		{372E9D44-25C9-4054-AA33-E37D18191A6B}.Debug|x64.Build.0 = Debug|Any CPU
		{372E9D44-25C9-4054-AA33-E37D18191A6B}.Debug|x86.ActiveCfg = Debug|Any CPU
		{372E9D44-25C9-4054-AA33-E37D18191A6B}.Debug|x86.Build.0 = Debug|Any CPU
		{372E9D44-25C9-4054-AA33-E37D18191A6B}.Release|Any CPU.ActiveCfg = Release|Any CPU
		{372E9D44-25C9-4054-AA33-E37D18191A6B}.Release|Any CPU.Build.0 = Release|Any CPU
		{372E9D44-25C9-4054-AA33-E37D18191A6B}.Release|x64.ActiveCfg = Release|Any CPU
		{372E9D44-25C9-4054-AA33-E37D18191A6B}.Release|x64.Build.0 = Release|Any CPU
		{372E9D44-25C9-4054-AA33-E37D18191A6B}.Release|x86.ActiveCfg = Release|Any CPU
		{372E9D44-25C9-4054-AA33-E37D18191A6B}.Release|x86.Build.0 = Release|Any CPU
		{5D786C25-8195-4CC1-AD98-729F678CF9C8}.Debug|Any CPU.ActiveCfg = Debug|Any CPU
		{5D786C25-8195-4CC1-AD98-729F678CF9C8}.Debug|Any CPU.Build.0 = Debug|Any CPU
		{5D786C25-8195-4CC1-AD98-729F678CF9C8}.Debug|x64.ActiveCfg = Debug|Any CPU
		{5D786C25-8195-4CC1-AD98-729F678CF9C8}.Debug|x64.Build.0 = Debug|Any CPU
		{5D786C25-8195-4CC1-AD98-729F678CF9C8}.Debug|x86.ActiveCfg = Debug|Any CPU
		{5D786C25-8195-4CC1-AD98-729F678CF9C8}.Debug|x86.Build.0 = Debug|Any CPU
		{5D786C25-8195-4CC1-AD98-729F678CF9C8}.Release|Any CPU.ActiveCfg = Release|Any CPU
		{5D786C25-8195-4CC1-AD98-729F678CF9C8}.Release|Any CPU.Build.0 = Release|Any CPU
		{5D786C25-8195-4CC1-AD98-729F678CF9C8}.Release|x64.ActiveCfg = Release|Any CPU
		{5D786C25-8195-4CC1-AD98-729F678CF9C8}.Release|x64.Build.0 = Release|Any CPU
		{5D786C25-8195-4CC1-AD98-729F678CF9C8}.Release|x86.ActiveCfg = Release|Any CPU
		{5D786C25-8195-4CC1-AD98-729F678CF9C8}.Release|x86.Build.0 = Release|Any CPU
		{E113EF5D-6C1D-4E9F-9ED6-21B899F50FB5}.Debug|Any CPU.ActiveCfg = Debug|Any CPU
		{E113EF5D-6C1D-4E9F-9ED6-21B899F50FB5}.Debug|Any CPU.Build.0 = Debug|Any CPU
		{E113EF5D-6C1D-4E9F-9ED6-21B899F50FB5}.Debug|x64.ActiveCfg = Debug|Any CPU
		{E113EF5D-6C1D-4E9F-9ED6-21B899F50FB5}.Debug|x64.Build.0 = Debug|Any CPU
		{E113EF5D-6C1D-4E9F-9ED6-21B899F50FB5}.Debug|x86.ActiveCfg = Debug|Any CPU
		{E113EF5D-6C1D-4E9F-9ED6-21B899F50FB5}.Debug|x86.Build.0 = Debug|Any CPU
		{E113EF5D-6C1D-4E9F-9ED6-21B899F50FB5}.Release|Any CPU.ActiveCfg = Release|Any CPU
		{E113EF5D-6C1D-4E9F-9ED6-21B899F50FB5}.Release|Any CPU.Build.0 = Release|Any CPU
		{E113EF5D-6C1D-4E9F-9ED6-21B899F50FB5}.Release|x64.ActiveCfg = Release|Any CPU
		{E113EF5D-6C1D-4E9F-9ED6-21B899F50FB5}.Release|x64.Build.0 = Release|Any CPU
		{E113EF5D-6C1D-4E9F-9ED6-21B899F50FB5}.Release|x86.ActiveCfg = Release|Any CPU
		{E113EF5D-6C1D-4E9F-9ED6-21B899F50FB5}.Release|x86.Build.0 = Release|Any CPU
		{557C68E4-FE05-4F5C-BE4B-CD5D15E8C4C6}.Debug|Any CPU.ActiveCfg = Debug|Any CPU
		{557C68E4-FE05-4F5C-BE4B-CD5D15E8C4C6}.Debug|Any CPU.Build.0 = Debug|Any CPU
		{557C68E4-FE05-4F5C-BE4B-CD5D15E8C4C6}.Debug|x64.ActiveCfg = Debug|Any CPU
		{557C68E4-FE05-4F5C-BE4B-CD5D15E8C4C6}.Debug|x64.Build.0 = Debug|Any CPU
		{557C68E4-FE05-4F5C-BE4B-CD5D15E8C4C6}.Debug|x86.ActiveCfg = Debug|Any CPU
		{557C68E4-FE05-4F5C-BE4B-CD5D15E8C4C6}.Debug|x86.Build.0 = Debug|Any CPU
		{557C68E4-FE05-4F5C-BE4B-CD5D15E8C4C6}.Release|Any CPU.ActiveCfg = Release|Any CPU
		{557C68E4-FE05-4F5C-BE4B-CD5D15E8C4C6}.Release|Any CPU.Build.0 = Release|Any CPU
		{557C68E4-FE05-4F5C-BE4B-CD5D15E8C4C6}.Release|x64.ActiveCfg = Release|Any CPU
		{557C68E4-FE05-4F5C-BE4B-CD5D15E8C4C6}.Release|x64.Build.0 = Release|Any CPU
		{557C68E4-FE05-4F5C-BE4B-CD5D15E8C4C6}.Release|x86.ActiveCfg = Release|Any CPU
		{557C68E4-FE05-4F5C-BE4B-CD5D15E8C4C6}.Release|x86.Build.0 = Release|Any CPU
		{F6AB7528-B660-4DC4-902A-C12021CFDD60}.Debug|Any CPU.ActiveCfg = Debug|Any CPU
		{F6AB7528-B660-4DC4-902A-C12021CFDD60}.Debug|Any CPU.Build.0 = Debug|Any CPU
		{F6AB7528-B660-4DC4-902A-C12021CFDD60}.Debug|x64.ActiveCfg = Debug|Any CPU
		{F6AB7528-B660-4DC4-902A-C12021CFDD60}.Debug|x64.Build.0 = Debug|Any CPU
		{F6AB7528-B660-4DC4-902A-C12021CFDD60}.Debug|x86.ActiveCfg = Debug|Any CPU
		{F6AB7528-B660-4DC4-902A-C12021CFDD60}.Debug|x86.Build.0 = Debug|Any CPU
		{F6AB7528-B660-4DC4-902A-C12021CFDD60}.Release|Any CPU.ActiveCfg = Release|Any CPU
		{F6AB7528-B660-4DC4-902A-C12021CFDD60}.Release|Any CPU.Build.0 = Release|Any CPU
		{F6AB7528-B660-4DC4-902A-C12021CFDD60}.Release|x64.ActiveCfg = Release|Any CPU
		{F6AB7528-B660-4DC4-902A-C12021CFDD60}.Release|x64.Build.0 = Release|Any CPU
		{F6AB7528-B660-4DC4-902A-C12021CFDD60}.Release|x86.ActiveCfg = Release|Any CPU
		{F6AB7528-B660-4DC4-902A-C12021CFDD60}.Release|x86.Build.0 = Release|Any CPU
		{06AD783D-2801-43A0-8E26-A7E9455C4872}.Debug|Any CPU.ActiveCfg = Debug|Any CPU
		{06AD783D-2801-43A0-8E26-A7E9455C4872}.Debug|Any CPU.Build.0 = Debug|Any CPU
		{06AD783D-2801-43A0-8E26-A7E9455C4872}.Debug|x64.ActiveCfg = Debug|Any CPU
		{06AD783D-2801-43A0-8E26-A7E9455C4872}.Debug|x64.Build.0 = Debug|Any CPU
		{06AD783D-2801-43A0-8E26-A7E9455C4872}.Debug|x86.ActiveCfg = Debug|Any CPU
		{06AD783D-2801-43A0-8E26-A7E9455C4872}.Debug|x86.Build.0 = Debug|Any CPU
		{06AD783D-2801-43A0-8E26-A7E9455C4872}.Release|Any CPU.ActiveCfg = Release|Any CPU
		{06AD783D-2801-43A0-8E26-A7E9455C4872}.Release|Any CPU.Build.0 = Release|Any CPU
		{06AD783D-2801-43A0-8E26-A7E9455C4872}.Release|x64.ActiveCfg = Release|Any CPU
		{06AD783D-2801-43A0-8E26-A7E9455C4872}.Release|x64.Build.0 = Release|Any CPU
		{06AD783D-2801-43A0-8E26-A7E9455C4872}.Release|x86.ActiveCfg = Release|Any CPU
		{06AD783D-2801-43A0-8E26-A7E9455C4872}.Release|x86.Build.0 = Release|Any CPU
		{F14B64CD-067C-45A2-BF79-5C2B352D2953}.Debug|Any CPU.ActiveCfg = Debug|Any CPU
		{F14B64CD-067C-45A2-BF79-5C2B352D2953}.Debug|Any CPU.Build.0 = Debug|Any CPU
		{F14B64CD-067C-45A2-BF79-5C2B352D2953}.Debug|x64.ActiveCfg = Debug|Any CPU
		{F14B64CD-067C-45A2-BF79-5C2B352D2953}.Debug|x64.Build.0 = Debug|Any CPU
		{F14B64CD-067C-45A2-BF79-5C2B352D2953}.Debug|x86.ActiveCfg = Debug|Any CPU
		{F14B64CD-067C-45A2-BF79-5C2B352D2953}.Debug|x86.Build.0 = Debug|Any CPU
		{F14B64CD-067C-45A2-BF79-5C2B352D2953}.Release|Any CPU.ActiveCfg = Release|Any CPU
		{F14B64CD-067C-45A2-BF79-5C2B352D2953}.Release|Any CPU.Build.0 = Release|Any CPU
		{F14B64CD-067C-45A2-BF79-5C2B352D2953}.Release|x64.ActiveCfg = Release|Any CPU
		{F14B64CD-067C-45A2-BF79-5C2B352D2953}.Release|x64.Build.0 = Release|Any CPU
		{F14B64CD-067C-45A2-BF79-5C2B352D2953}.Release|x86.ActiveCfg = Release|Any CPU
		{F14B64CD-067C-45A2-BF79-5C2B352D2953}.Release|x86.Build.0 = Release|Any CPU
		{9D786A37-A84B-461E-BA17-9A59E5E90007}.Debug|Any CPU.ActiveCfg = Debug|Any CPU
		{9D786A37-A84B-461E-BA17-9A59E5E90007}.Debug|Any CPU.Build.0 = Debug|Any CPU
		{9D786A37-A84B-461E-BA17-9A59E5E90007}.Debug|x64.ActiveCfg = Debug|Any CPU
		{9D786A37-A84B-461E-BA17-9A59E5E90007}.Debug|x64.Build.0 = Debug|Any CPU
		{9D786A37-A84B-461E-BA17-9A59E5E90007}.Debug|x86.ActiveCfg = Debug|Any CPU
		{9D786A37-A84B-461E-BA17-9A59E5E90007}.Debug|x86.Build.0 = Debug|Any CPU
		{9D786A37-A84B-461E-BA17-9A59E5E90007}.Release|Any CPU.ActiveCfg = Release|Any CPU
		{9D786A37-A84B-461E-BA17-9A59E5E90007}.Release|Any CPU.Build.0 = Release|Any CPU
		{9D786A37-A84B-461E-BA17-9A59E5E90007}.Release|x64.ActiveCfg = Release|Any CPU
		{9D786A37-A84B-461E-BA17-9A59E5E90007}.Release|x64.Build.0 = Release|Any CPU
		{9D786A37-A84B-461E-BA17-9A59E5E90007}.Release|x86.ActiveCfg = Release|Any CPU
		{9D786A37-A84B-461E-BA17-9A59E5E90007}.Release|x86.Build.0 = Release|Any CPU
		{6B5A6403-21D4-4C1F-8B12-DCA624DB6715}.Debug|Any CPU.ActiveCfg = Debug|Any CPU
		{6B5A6403-21D4-4C1F-8B12-DCA624DB6715}.Debug|Any CPU.Build.0 = Debug|Any CPU
		{6B5A6403-21D4-4C1F-8B12-DCA624DB6715}.Debug|x64.ActiveCfg = Debug|Any CPU
		{6B5A6403-21D4-4C1F-8B12-DCA624DB6715}.Debug|x64.Build.0 = Debug|Any CPU
		{6B5A6403-21D4-4C1F-8B12-DCA624DB6715}.Debug|x86.ActiveCfg = Debug|Any CPU
		{6B5A6403-21D4-4C1F-8B12-DCA624DB6715}.Debug|x86.Build.0 = Debug|Any CPU
		{6B5A6403-21D4-4C1F-8B12-DCA624DB6715}.Release|Any CPU.ActiveCfg = Release|Any CPU
		{6B5A6403-21D4-4C1F-8B12-DCA624DB6715}.Release|Any CPU.Build.0 = Release|Any CPU
		{6B5A6403-21D4-4C1F-8B12-DCA624DB6715}.Release|x64.ActiveCfg = Release|Any CPU
		{6B5A6403-21D4-4C1F-8B12-DCA624DB6715}.Release|x64.Build.0 = Release|Any CPU
		{6B5A6403-21D4-4C1F-8B12-DCA624DB6715}.Release|x86.ActiveCfg = Release|Any CPU
		{6B5A6403-21D4-4C1F-8B12-DCA624DB6715}.Release|x86.Build.0 = Release|Any CPU
	EndGlobalSection
	GlobalSection(SolutionProperties) = preSolution
		HideSolutionNode = FALSE
	EndGlobalSection
	GlobalSection(NestedProjects) = preSolution
		{EC19EA61-EB34-4D3E-9F86-9721FE4E18D4} = {5E51420D-CFB6-4141-849A-B191C405DEF2}
		{683DDDE0-B49C-4391-A398-E0B88094D0A0} = {5E51420D-CFB6-4141-849A-B191C405DEF2}
		{EE8F9708-ED7D-479B-8E00-DA56AD473B96} = {5E51420D-CFB6-4141-849A-B191C405DEF2}
		{FEB8F85B-D67E-4E23-BC07-CE88B3D365E1} = {5E51420D-CFB6-4141-849A-B191C405DEF2}
		{AE33B698-861A-445B-9BD4-86066269AB04} = {5E51420D-CFB6-4141-849A-B191C405DEF2}
		{A21EDE5B-1A7F-46B0-B2DB-C5A4A7EC2209} = {5E51420D-CFB6-4141-849A-B191C405DEF2}
		{5680F755-37A3-44D7-8285-993F3F468D09} = {5E51420D-CFB6-4141-849A-B191C405DEF2}
		{372E9D44-25C9-4054-AA33-E37D18191A6B} = {5E51420D-CFB6-4141-849A-B191C405DEF2}
		{76B39356-61C0-4B83-BF26-20BABD957E50} = {54EB25F1-7D39-4C71-8947-8B32AD099E38}
		{5D786C25-8195-4CC1-AD98-729F678CF9C8} = {76B39356-61C0-4B83-BF26-20BABD957E50}
		{E113EF5D-6C1D-4E9F-9ED6-21B899F50FB5} = {76B39356-61C0-4B83-BF26-20BABD957E50}
		{557C68E4-FE05-4F5C-BE4B-CD5D15E8C4C6} = {76B39356-61C0-4B83-BF26-20BABD957E50}
		{63534BA3-0E4D-4BEA-BE15-AC6971889A97} = {54EB25F1-7D39-4C71-8947-8B32AD099E38}
		{F6AB7528-B660-4DC4-902A-C12021CFDD60} = {63534BA3-0E4D-4BEA-BE15-AC6971889A97}
		{2A4657BA-CCFC-4974-87A4-2D16616B6651} = {54EB25F1-7D39-4C71-8947-8B32AD099E38}
		{06AD783D-2801-43A0-8E26-A7E9455C4872} = {2A4657BA-CCFC-4974-87A4-2D16616B6651}
		{A2916414-E2BC-4E1F-AF23-D1557B9EB897} = {54EB25F1-7D39-4C71-8947-8B32AD099E38}
		{F14B64CD-067C-45A2-BF79-5C2B352D2953} = {A2916414-E2BC-4E1F-AF23-D1557B9EB897}
		{9D786A37-A84B-461E-BA17-9A59E5E90007} = {76B39356-61C0-4B83-BF26-20BABD957E50}
		{6B5A6403-21D4-4C1F-8B12-DCA624DB6715} = {76B39356-61C0-4B83-BF26-20BABD957E50}
	EndGlobalSection
	GlobalSection(ExtensibilityGlobals) = postSolution
		SolutionGuid = {E74A848B-DAA6-45D4-8332-A60555386E8C}
	EndGlobalSection
EndGlobal
